<?xml version="1.0" encoding="utf-8"?>
<Project ToolsVersion="4.0" xmlns="http://schemas.microsoft.com/developer/msbuild/2003">
  <ItemGroup>
    <Filter Include="Source Files">
      <UniqueIdentifier>{1db24e17-e7ba-426e-8990-d6082525cfef}</UniqueIdentifier>
      <Extensions>cpp;c;cxx;rc;def;r;odl;idl;hpj;bat</Extensions>
    </Filter>
    <Filter Include="Source Files\HGE">
      <UniqueIdentifier>{e9638b5c-6378-4d02-bc1b-3d4a0908c04d}</UniqueIdentifier>
    </Filter>
    <Filter Include="Header Files">
      <UniqueIdentifier>{77af3754-7bd6-4a40-ae78-d5ecd903114c}</UniqueIdentifier>
      <Extensions>h;hpp;hxx;hm;inl</Extensions>
    </Filter>
    <Filter Include="Header Files\HGE">
      <UniqueIdentifier>{567e7e37-9694-41d3-87d1-c2f6898b77ec}</UniqueIdentifier>
    </Filter>
    <Filter Include="Misc">
      <UniqueIdentifier>{828c54af-61cd-43b0-a396-314378ed9915}</UniqueIdentifier>
    </Filter>
    <Filter Include="Unzip">
      <UniqueIdentifier>{5683aaa7-8b27-47c8-ae7e-ac09406be9e1}</UniqueIdentifier>
    </Filter>
    <Filter Include="TinyXML">
      <UniqueIdentifier>{bdc3be90-396d-49b4-9009-53919a29a1b2}</UniqueIdentifier>
    </Filter>
  </ItemGroup>
  <ItemGroup>
    <ClCompile Include="src\Encoding.cpp">
      <Filter>Source Files</Filter>
    </ClCompile>
    <ClCompile Include="src\JAnimator.cpp">
      <Filter>Source Files</Filter>
    </ClCompile>
    <ClCompile Include="src\JApp.cpp">
      <Filter>Source Files</Filter>
    </ClCompile>
    <ClCompile Include="src\JDistortionMesh.cpp">
      <Filter>Source Files</Filter>
    </ClCompile>
    <ClCompile Include="src\JFileSystem.cpp">
      <Filter>Source Files</Filter>
    </ClCompile>
    <ClCompile Include="src\JGameObject.cpp">
      <Filter>Source Files</Filter>
    </ClCompile>
    <ClCompile Include="src\JGBKFont.cpp">
      <Filter>Source Files</Filter>
    </ClCompile>
    <ClCompile Include="src\JGE.cpp">
      <Filter>Source Files</Filter>
    </ClCompile>
    <ClCompile Include="src\pc\JGfx.cpp">
      <Filter>Source Files</Filter>
    </ClCompile>
    <ClCompile Include="src\JGui.cpp">
      <Filter>Source Files</Filter>
    </ClCompile>
    <ClCompile Include="src\JLBFont.cpp">
      <Filter>Source Files</Filter>
    </ClCompile>
    <ClCompile Include="src\JLogger.cpp">
      <Filter>Source Files</Filter>
    </ClCompile>
    <ClCompile Include="src\JMD2Model.cpp">
      <Filter>Source Files</Filter>
    </ClCompile>
    <ClCompile Include="src\JNetwork.cpp">
      <Filter>Source Files</Filter>
    </ClCompile>
    <ClCompile Include="src\JOBJModel.cpp">
      <Filter>Source Files</Filter>
    </ClCompile>
    <ClCompile Include="src\JParticle.cpp">
      <Filter>Source Files</Filter>
    </ClCompile>
    <ClCompile Include="src\JParticleEffect.cpp">
      <Filter>Source Files</Filter>
    </ClCompile>
    <ClCompile Include="src\JParticleEmitter.cpp">
      <Filter>Source Files</Filter>
    </ClCompile>
    <ClCompile Include="src\JParticleSystem.cpp">
      <Filter>Source Files</Filter>
    </ClCompile>
    <ClCompile Include="src\JResourceManager.cpp">
      <Filter>Source Files</Filter>
    </ClCompile>
    <ClCompile Include="src\pc\JSfx.cpp">
      <Filter>Source Files</Filter>
    </ClCompile>
    <ClCompile Include="src\pc\JSocket.cpp">
      <Filter>Source Files</Filter>
    </ClCompile>
    <ClCompile Include="src\JSpline.cpp">
      <Filter>Source Files</Filter>
    </ClCompile>
    <ClCompile Include="src\JSprite.cpp">
      <Filter>Source Files</Filter>
    </ClCompile>
    <ClCompile Include="src\JTTFont.cpp">
      <Filter>Source Files</Filter>
    </ClCompile>
    <ClCompile Include="src\Vector2D.cpp">
      <Filter>Source Files</Filter>
    </ClCompile>
    <ClCompile Include="src\winmain.cpp">
      <Filter>Source Files</Filter>
    </ClCompile>
    <ClCompile Include="src\hge\hgecolor.cpp">
      <Filter>Source Files\HGE</Filter>
    </ClCompile>
    <ClCompile Include="src\hge\hgedistort.cpp">
      <Filter>Source Files\HGE</Filter>
    </ClCompile>
    <ClCompile Include="src\hge\hgefont.cpp">
      <Filter>Source Files\HGE</Filter>
    </ClCompile>
    <ClCompile Include="src\hge\hgeparticle.cpp">
      <Filter>Source Files\HGE</Filter>
    </ClCompile>
    <ClCompile Include="src\hge\hgepmanager.cpp">
      <Filter>Source Files\HGE</Filter>
    </ClCompile>
    <ClCompile Include="src\hge\hgerect.cpp">
      <Filter>Source Files\HGE</Filter>
    </ClCompile>
    <ClCompile Include="src\hge\hgevector.cpp">
      <Filter>Source Files\HGE</Filter>
    </ClCompile>
    <ClCompile Include="src\unzip\ioapi.c">
      <Filter>Unzip</Filter>
    </ClCompile>
    <ClCompile Include="src\unzip\mztools.c">
      <Filter>Unzip</Filter>
    </ClCompile>
    <ClCompile Include="src\unzip\unzip.c">
      <Filter>Unzip</Filter>
    </ClCompile>
    <ClCompile Include="src\tinyxml\tinystr.cpp">
      <Filter>TinyXML</Filter>
    </ClCompile>
    <ClCompile Include="src\tinyxml\tinyxml.cpp">
      <Filter>TinyXML</Filter>
    </ClCompile>
    <ClCompile Include="src\tinyxml\tinyxmlerror.cpp">
      <Filter>TinyXML</Filter>
    </ClCompile>
    <ClCompile Include="src\tinyxml\tinyxmlparser.cpp">
      <Filter>TinyXML</Filter>
    </ClCompile>
  </ItemGroup>
  <ItemGroup>
    <ClInclude Include="include\DebugRoutines.h">
      <Filter>Header Files</Filter>
    </ClInclude>
    <ClInclude Include="include\decoder_prx.h">
      <Filter>Header Files</Filter>
    </ClInclude>
    <ClInclude Include="include\Encoding.h">
      <Filter>Header Files</Filter>
    </ClInclude>
    <ClInclude Include="include\JAnimator.h">
      <Filter>Header Files</Filter>
    </ClInclude>
    <ClInclude Include="include\JApp.h">
      <Filter>Header Files</Filter>
    </ClInclude>
    <ClInclude Include="include\JAssert.h">
      <Filter>Header Files</Filter>
    </ClInclude>
    <ClInclude Include="include\JAudio.h">
      <Filter>Header Files</Filter>
    </ClInclude>
    <ClInclude Include="include\JDistortionMesh.h">
      <Filter>Header Files</Filter>
    </ClInclude>
    <ClInclude Include="include\JFileSystem.h">
      <Filter>Header Files</Filter>
    </ClInclude>
    <ClInclude Include="include\JGameLauncher.h">
      <Filter>Header Files</Filter>
    </ClInclude>
    <ClInclude Include="include\JGameObject.h">
      <Filter>Header Files</Filter>
    </ClInclude>
    <ClInclude Include="include\JGBKFont.h">
      <Filter>Header Files</Filter>
    </ClInclude>
    <ClInclude Include="include\JGE.h">
      <Filter>Header Files</Filter>
    </ClInclude>
    <ClInclude Include="include\JGui.h">
      <Filter>Header Files</Filter>
    </ClInclude>
    <ClInclude Include="include\JLBFont.h">
      <Filter>Header Files</Filter>
    </ClInclude>
    <ClInclude Include="include\JLogger.h">
      <Filter>Header Files</Filter>
    </ClInclude>
    <ClInclude Include="include\JMD2Model.h">
      <Filter>Header Files</Filter>
    </ClInclude>
    <ClInclude Include="include\JNetwork.h">
      <Filter>Header Files</Filter>
    </ClInclude>
    <ClInclude Include="include\JOBJModel.h">
      <Filter>Header Files</Filter>
    </ClInclude>
    <ClInclude Include="include\JParticle.h">
      <Filter>Header Files</Filter>
    </ClInclude>
    <ClInclude Include="include\JParticleEffect.h">
      <Filter>Header Files</Filter>
    </ClInclude>
    <ClInclude Include="include\JParticleEmitter.h">
      <Filter>Header Files</Filter>
    </ClInclude>
    <ClInclude Include="include\JParticleSystem.h">
      <Filter>Header Files</Filter>
    </ClInclude>
    <ClInclude Include="include\JRenderer.h">
      <Filter>Header Files</Filter>
    </ClInclude>
    <ClInclude Include="include\JResourceManager.h">
      <Filter>Header Files</Filter>
    </ClInclude>
    <ClInclude Include="include\JSocket.h">
      <Filter>Header Files</Filter>
    </ClInclude>
    <ClInclude Include="include\JSoundSystem.h">
      <Filter>Header Files</Filter>
    </ClInclude>
    <ClInclude Include="include\JSpline.h">
      <Filter>Header Files</Filter>
    </ClInclude>
    <ClInclude Include="include\JSprite.h">
      <Filter>Header Files</Filter>
    </ClInclude>
    <ClInclude Include="include\JTTFont.h">
      <Filter>Header Files</Filter>
    </ClInclude>
    <ClInclude Include="include\JTypes.h">
      <Filter>Header Files</Filter>
    </ClInclude>
    <ClInclude Include="include\Vector2D.h">
      <Filter>Header Files</Filter>
    </ClInclude>
    <ClInclude Include="include\Vector3D.h">
      <Filter>Header Files</Filter>
    </ClInclude>
    <ClInclude Include="include\vram.h">
      <Filter>Header Files</Filter>
    </ClInclude>
    <ClInclude Include="include\hge\hgecolor.h">
      <Filter>Header Files\HGE</Filter>
    </ClInclude>
    <ClInclude Include="include\hge\hgedistort.h">
      <Filter>Header Files\HGE</Filter>
    </ClInclude>
    <ClInclude Include="include\hge\hgefont.h">
      <Filter>Header Files\HGE</Filter>
    </ClInclude>
    <ClInclude Include="include\hge\hgeparticle.h">
      <Filter>Header Files\HGE</Filter>
    </ClInclude>
    <ClInclude Include="include\hge\hgerect.h">
      <Filter>Header Files\HGE</Filter>
    </ClInclude>
    <ClInclude Include="include\hge\hgevector.h">
      <Filter>Header Files\HGE</Filter>
    </ClInclude>
    <ClInclude Include="src\unzip\crypt.h">
      <Filter>Unzip</Filter>
    </ClInclude>
    <ClInclude Include="src\unzip\ioapi.h">
      <Filter>Unzip</Filter>
    </ClInclude>
    <ClInclude Include="src\unzip\mztools.h">
      <Filter>Unzip</Filter>
    </ClInclude>
    <ClInclude Include="src\unzip\unzip.h">
      <Filter>Unzip</Filter>
    </ClInclude>
    <ClInclude Include="src\tinyxml\tinystr.h">
      <Filter>TinyXML</Filter>
    </ClInclude>
    <ClInclude Include="src\tinyxml\tinyxml.h">
      <Filter>TinyXML</Filter>
    </ClInclude>
  </ItemGroup>
  <ItemGroup>
    <None Include="Makefile">
      <Filter>Misc</Filter>
    </None>
    <None Include="Makefile.1xx">
      <Filter>Misc</Filter>
    </None>
    <None Include="Makefile.3xx">
      <Filter>Misc</Filter>
    </None>
    <None Include="Makefile.hge">
      <Filter>Misc</Filter>
    </None>
    <None Include="..\Tutorials\02.RenderingImages\Images.sln" />
    <None Include="..\projects\mtg\mtg.vsprops" />
  </ItemGroup>
  <ItemGroup>
    <Text Include="readme.txt">
      <Filter>Misc</Filter>
    </Text>
  </ItemGroup>
</Project>